# THIS IS AN AUTOGENERATED FILE. DO NOT EDIT THIS FILE DIRECTLY.
# yarn lockfile v1


"@types/node-localstorage@^1.3.3":
  version "1.3.3"
  resolved "https://registry.npmjs.org/@types/node-localstorage/-/node-localstorage-1.3.3.tgz"
  integrity sha512-Wkn5g4eM5x10UNV9Xvl9K6y6m0zorocuJy4WjB5muUdyMZuPbZpSJG3hlhjGHe1HGxbOQO7RcB+jlHcNwkh+Jw==
  dependencies:
    "@types/node" "*"

"@types/node@*", "@types/node@^24.10.0":
  version "24.10.0"
  resolved "https://registry.npmjs.org/@types/node/-/node-24.10.0.tgz"
  integrity sha512-qzQZRBqkFsYyaSWXuEHc2WR9c0a0CXwiE5FWUvn7ZM+vdy1uZLfCunD38UzhuB7YN/J11ndbDBcTmOdxJo9Q7A==
  dependencies:
    undici-types "~7.16.0"

imurmurhash@^0.1.4:
  version "0.1.4"
  resolved "https://registry.npmjs.org/imurmurhash/-/imurmurhash-0.1.4.tgz"
  integrity sha512-JmXMZ6wuvDmLiHEml9ykzqO6lwFbof0GG4IkcGaENdCRDDmMVnny7s5HsIgHCbaq0w2MyPhDqkhTUgS2LU2PHA==

node-localstorage@^3.0.5:
  version "3.0.5"
  resolved "https://registry.npmjs.org/node-localstorage/-/node-localstorage-3.0.5.tgz"
  integrity sha512-GCwtK33iwVXboZWYcqQHu3aRvXEBwmPkAMRBLeaX86ufhqslyUkLGsi4aW3INEfdQYpUB5M9qtYf3eHvAk2VBg==
  dependencies:
    write-file-atomic "^5.0.1"

signal-exit@^4.0.1:
  version "4.1.0"
  resolved "https://registry.npmjs.org/signal-exit/-/signal-exit-4.1.0.tgz"
  integrity sha512-bzyZ1e88w9O1iNJbKnOlvYTrWPDl46O1bG0D3XInv+9tkPrxrN8jUUTiFlDkkmKWgn1M6CfIA13SuGqOa9Korw==

typescript@^5.9.3:
  version "5.9.3"
  resolved "https://registry.npmjs.org/typescript/-/typescript-5.9.3.tgz"
  integrity sha512-jl1vZzPDinLr9eUt3J/t7V6FgNEw9QjvBPdysz9KfQDD41fQrC2Y4vKQdiaUpFT4bXlb1RHhLpp8wtm6M5TgSw==

undici-types@~7.16.0:
  version "7.16.0"
  resolved "https://registry.npmjs.org/undici-types/-/undici-types-7.16.0.tgz"
  integrity sha512-Zz+aZWSj8LE6zoxD+xrjh4VfkIG8Ya6LvYkZqtUQGJPZjYl53ypCaUwWqo7eI0x66KBGeRo+mlBEkMSeSZ38Nw==

write-file-atomic@^5.0.1:
  version "5.0.1"
  resolved "https://registry.npmjs.org/write-file-atomic/-/write-file-atomic-5.0.1.tgz"
  integrity sha512-+QU2zd6OTD8XWIJCbffaiQeH9U73qIqafo1x6V1snCWYGJf6cVE0cDR4D8xRzcEnfI21IFrUPzPGtcPf8AC+Rw==
  dependencies:
    imurmurhash "^0.1.4"
    signal-exit "^4.0.1"
